// !$*UTF8*$!
{
	archiveVersion = 1;
	classes = {
	};
	objectVersion = 46;
	objects = {

/* Begin PBXBuildFile section */
		CD70D9A01D5B6104004FC682 /* main.m in Sources */ = {isa = PBXBuildFile; fileRef = CD70D99F1D5B6104004FC682 /* main.m */; };
		CD70D9A31D5B6104004FC682 /* AppDelegate.m in Sources */ = {isa = PBXBuildFile; fileRef = CD70D9A21D5B6104004FC682 /* AppDelegate.m */; };
		CD70D9A61D5B6104004FC682 /* ViewController.m in Sources */ = {isa = PBXBuildFile; fileRef = CD70D9A51D5B6104004FC682 /* ViewController.m */; };
		CD70D9A91D5B6104004FC682 /* Main.storyboard in Resources */ = {isa = PBXBuildFile; fileRef = CD70D9A71D5B6104004FC682 /* Main.storyboard */; };
		CD70D9AB1D5B6104004FC682 /* Assets.xcassets in Resources */ = {isa = PBXBuildFile; fileRef = CD70D9AA1D5B6104004FC682 /* Assets.xcassets */; };
		CD70D9AE1D5B6104004FC682 /* LaunchScreen.storyboard in Resources */ = {isa = PBXBuildFile; fileRef = CD70D9AC1D5B6104004FC682 /* LaunchScreen.storyboard */; };
		CD70D9B91D5B6104004FC682 /* ________________Tests.m in Sources */ = {isa = PBXBuildFile; fileRef = CD70D9B81D5B6104004FC682 /* ________________Tests.m */; };
		CD70D9C41D5B6104004FC682 /* ________________UITests.m in Sources */ = {isa = PBXBuildFile; fileRef = CD70D9C31D5B6104004FC682 /* ________________UITests.m */; };
		CD70D9D91D5B723A004FC682 /* DetailsViewController.m in Sources */ = {isa = PBXBuildFile; fileRef = CD70D9D71D5B723A004FC682 /* DetailsViewController.m */; };
		CD70D9DA1D5B723A004FC682 /* DetailsViewController.xib in Resources */ = {isa = PBXBuildFile; fileRef = CD70D9D81D5B723A004FC682 /* DetailsViewController.xib */; };
/* End PBXBuildFile section */

/* Begin PBXContainerItemProxy section */
		CD70D9B51D5B6104004FC682 /* PBXContainerItemProxy */ = {
			isa = PBXContainerItemProxy;
			containerPortal = CD70D9931D5B6104004FC682 /* Project object */;
			proxyType = 1;
			remoteGlobalIDString = CD70D99A1D5B6104004FC682;
			remoteInfo = "文本包含超链接或类按钮可点击跳转";
		};
		CD70D9C01D5B6104004FC682 /* PBXContainerItemProxy */ = {
			isa = PBXContainerItemProxy;
			containerPortal = CD70D9931D5B6104004FC682 /* Project object */;
			proxyType = 1;
			remoteGlobalIDString = CD70D99A1D5B6104004FC682;
			remoteInfo = "文本包含超链接或类按钮可点击跳转";
		};
/* End PBXContainerItemProxy section */

/* Begin PBXFileReference section */
		CD70D99B1D5B6104004FC682 /* 文本包含超链接或类按钮可点击跳转.app */ = {isa = PBXFileReference; explicitFileType = wrapper.application; includeInIndex = 0; path = "文本包含超链接或类按钮可点击跳转.app"; sourceTree = BUILT_PRODUCTS_DIR; };
		CD70D99F1D5B6104004FC682 /* main.m */ = {isa = PBXFileReference; lastKnownFileType = sourcecode.c.objc; path = main.m; sourceTree = "<group>"; };
		CD70D9A11D5B6104004FC682 /* AppDelegate.h */ = {isa = PBXFileReference; lastKnownFileType = sourcecode.c.h; path = AppDelegate.h; sourceTree = "<group>"; };
		CD70D9A21D5B6104004FC682 /* AppDelegate.m */ = {isa = PBXFileReference; lastKnownFileType = sourcecode.c.objc; path = AppDelegate.m; sourceTree = "<group>"; };
		CD70D9A41D5B6104004FC682 /* ViewController.h */ = {isa = PBXFileReference; lastKnownFileType = sourcecode.c.h; path = ViewController.h; sourceTree = "<group>"; };
		CD70D9A51D5B6104004FC682 /* ViewController.m */ = {isa = PBXFileReference; lastKnownFileType = sourcecode.c.objc; path = ViewController.m; sourceTree = "<group>"; };
		CD70D9A81D5B6104004FC682 /* Base */ = {isa = PBXFileReference; lastKnownFileType = file.storyboard; name = Base; path = Base.lproj/Main.storyboard; sourceTree = "<group>"; };
		CD70D9AA1D5B6104004FC682 /* Assets.xcassets */ = {isa = PBXFileReference; lastKnownFileType = folder.assetcatalog; path = Assets.xcassets; sourceTree = "<group>"; };
		CD70D9AD1D5B6104004FC682 /* Base */ = {isa = PBXFileReference; lastKnownFileType = file.storyboard; name = Base; path = Base.lproj/LaunchScreen.storyboard; sourceTree = "<group>"; };
		CD70D9AF1D5B6104004FC682 /* Info.plist */ = {isa = PBXFileReference; lastKnownFileType = text.plist.xml; path = Info.plist; sourceTree = "<group>"; };
		CD70D9B41D5B6104004FC682 /* 文本包含超链接或类按钮可点击跳转Tests.xctest */ = {isa = PBXFileReference; explicitFileType = wrapper.cfbundle; includeInIndex = 0; path = "文本包含超链接或类按钮可点击跳转Tests.xctest"; sourceTree = BUILT_PRODUCTS_DIR; };
		CD70D9B81D5B6104004FC682 /* ________________Tests.m */ = {isa = PBXFileReference; lastKnownFileType = sourcecode.c.objc; path = "________________Tests.m"; sourceTree = "<group>"; };
		CD70D9BA1D5B6104004FC682 /* Info.plist */ = {isa = PBXFileReference; lastKnownFileType = text.plist.xml; path = Info.plist; sourceTree = "<group>"; };
		CD70D9BF1D5B6104004FC682 /* 文本包含超链接或类按钮可点击跳转UITests.xctest */ = {isa = PBXFileReference; explicitFileType = wrapper.cfbundle; includeInIndex = 0; path = "文本包含超链接或类按钮可点击跳转UITests.xctest"; sourceTree = BUILT_PRODUCTS_DIR; };
		CD70D9C31D5B6104004FC682 /* ________________UITests.m */ = {isa = PBXFileReference; lastKnownFileType = sourcecode.c.objc; path = "________________UITests.m"; sourceTree = "<group>"; };
		CD70D9C51D5B6104004FC682 /* Info.plist */ = {isa = PBXFileReference; lastKnownFileType = text.plist.xml; path = Info.plist; sourceTree = "<group>"; };
		CD70D9D61D5B723A004FC682 /* DetailsViewController.h */ = {isa = PBXFileReference; fileEncoding = 4; lastKnownFileType = sourcecode.c.h; path = DetailsViewController.h; sourceTree = "<group>"; };
		CD70D9D71D5B723A004FC682 /* DetailsViewController.m */ = {isa = PBXFileReference; fileEncoding = 4; lastKnownFileType = sourcecode.c.objc; path = DetailsViewController.m; sourceTree = "<group>"; };
		CD70D9D81D5B723A004FC682 /* DetailsViewController.xib */ = {isa = PBXFileReference; fileEncoding = 4; lastKnownFileType = file.xib; path = DetailsViewController.xib; sourceTree = "<group>"; };
/* End PBXFileReference section */

/* Begin PBXFrameworksBuildPhase section */
		CD70D9981D5B6104004FC682 /* Frameworks */ = {
			isa = PBXFrameworksBuildPhase;
			buildActionMask = 2147483647;
			files = (
			);
			runOnlyForDeploymentPostprocessing = 0;
		};
		CD70D9B11D5B6104004FC682 /* Frameworks */ = {
			isa = PBXFrameworksBuildPhase;
			buildActionMask = 2147483647;
			files = (
			);
			runOnlyForDeploymentPostprocessing = 0;
		};
		CD70D9BC1D5B6104004FC682 /* Frameworks */ = {
			isa = PBXFrameworksBuildPhase;
			buildActionMask = 2147483647;
			files = (
			);
			runOnlyForDeploymentPostprocessing = 0;
		};
/* End PBXFrameworksBuildPhase section */

/* Begin PBXGroup section */
		CD70D9921D5B6104004FC682 = {
			isa = PBXGroup;
			children = (
				CD70D99D1D5B6104004FC682 /* 文本包含超链接或类按钮可点击跳转 */,
				CD70D9B71D5B6104004FC682 /* 文本包含超链接或类按钮可点击跳转Tests */,
				CD70D9C21D5B6104004FC682 /* 文本包含超链接或类按钮可点击跳转UITests */,
				CD70D99C1D5B6104004FC682 /* Products */,
			);
			sourceTree = "<group>";
		};
		CD70D99C1D5B6104004FC682 /* Products */ = {
			isa = PBXGroup;
			children = (
				CD70D99B1D5B6104004FC682 /* 文本包含超链接或类按钮可点击跳转.app */,
				CD70D9B41D5B6104004FC682 /* 文本包含超链接或类按钮可点击跳转Tests.xctest */,
				CD70D9BF1D5B6104004FC682 /* 文本包含超链接或类按钮可点击跳转UITests.xctest */,
			);
			name = Products;
			sourceTree = "<group>";
		};
		CD70D99D1D5B6104004FC682 /* 文本包含超链接或类按钮可点击跳转 */ = {
			isa = PBXGroup;
			children = (
				CD70D9A11D5B6104004FC682 /* AppDelegate.h */,
				CD70D9A21D5B6104004FC682 /* AppDelegate.m */,
				CD70D9A41D5B6104004FC682 /* ViewController.h */,
				CD70D9A51D5B6104004FC682 /* ViewController.m */,
				CD70D9D61D5B723A004FC682 /* DetailsViewController.h */,
				CD70D9D71D5B723A004FC682 /* DetailsViewController.m */,
				CD70D9D81D5B723A004FC682 /* DetailsViewController.xib */,
				CD70D9A71D5B6104004FC682 /* Main.storyboard */,
				CD70D9AA1D5B6104004FC682 /* Assets.xcassets */,
				CD70D9AC1D5B6104004FC682 /* LaunchScreen.storyboard */,
				CD70D9AF1D5B6104004FC682 /* Info.plist */,
				CD70D99E1D5B6104004FC682 /* Supporting Files */,
			);
			path = "文本包含超链接或类按钮可点击跳转";
			sourceTree = "<group>";
		};
		CD70D99E1D5B6104004FC682 /* Supporting Files */ = {
			isa = PBXGroup;
			children = (
				CD70D99F1D5B6104004FC682 /* main.m */,
			);
			name = "Supporting Files";
			sourceTree = "<group>";
		};
		CD70D9B71D5B6104004FC682 /* 文本包含超链接或类按钮可点击跳转Tests */ = {
			isa = PBXGroup;
			children = (
				CD70D9B81D5B6104004FC682 /* ________________Tests.m */,
				CD70D9BA1D5B6104004FC682 /* Info.plist */,
			);
			path = "文本包含超链接或类按钮可点击跳转Tests";
			sourceTree = "<group>";
		};
		CD70D9C21D5B6104004FC682 /* 文本包含超链接或类按钮可点击跳转UITests */ = {
			isa = PBXGroup;
			children = (
				CD70D9C31D5B6104004FC682 /* ________________UITests.m */,
				CD70D9C51D5B6104004FC682 /* Info.plist */,
			);
			path = "文本包含超链接或类按钮可点击跳转UITests";
			sourceTree = "<group>";
		};
/* End PBXGroup section */

/* Begin PBXNativeTarget section */
		CD70D99A1D5B6104004FC682 /* 文本包含超链接或类按钮可点击跳转 */ = {
			isa = PBXNativeTarget;
			buildConfigurationList = CD70D9C81D5B6104004FC682 /* Build configuration list for PBXNativeTarget "文本包含超链接或类按钮可点击跳转" */;
			buildPhases = (
				CD70D9971D5B6104004FC682 /* Sources */,
				CD70D9981D5B6104004FC682 /* Frameworks */,
				CD70D9991D5B6104004FC682 /* Resources */,
			);
			buildRules = (
			);
			dependencies = (
			);
			name = "文本包含超链接或类按钮可点击跳转";
			productName = "文本包含超链接或类按钮可点击跳转";
			productReference = CD70D99B1D5B6104004FC682 /* 文本包含超链接或类按钮可点击跳转.app */;
			productType = "com.apple.product-type.application";
		};
		CD70D9B31D5B6104004FC682 /* 文本包含超链接或类按钮可点击跳转Tests */ = {
			isa = PBXNativeTarget;
			buildConfigurationList = CD70D9CB1D5B6104004FC682 /* Build configuration list for PBXNativeTarget "文本包含超链接或类按钮可点击跳转Tests" */;
			buildPhases = (
				CD70D9B01D5B6104004FC682 /* Sources */,
				CD70D9B11D5B6104004FC682 /* Frameworks */,
				CD70D9B21D5B6104004FC682 /* Resources */,
			);
			buildRules = (
			);
			dependencies = (
				CD70D9B61D5B6104004FC682 /* PBXTargetDependency */,
			);
			name = "文本包含超链接或类按钮可点击跳转Tests";
			productName = "文本包含超链接或类按钮可点击跳转Tests";
			productReference = CD70D9B41D5B6104004FC682 /* 文本包含超链接或类按钮可点击跳转Tests.xctest */;
			productType = "com.apple.product-type.bundle.unit-test";
		};
		CD70D9BE1D5B6104004FC682 /* 文本包含超链接或类按钮可点击跳转UITests */ = {
			isa = PBXNativeTarget;
			buildConfigurationList = CD70D9CE1D5B6104004FC682 /* Build configuration list for PBXNativeTarget "文本包含超链接或类按钮可点击跳转UITests" */;
			buildPhases = (
				CD70D9BB1D5B6104004FC682 /* Sources */,
				CD70D9BC1D5B6104004FC682 /* Frameworks */,
				CD70D9BD1D5B6104004FC682 /* Resources */,
			);
			buildRules = (
			);
			dependencies = (
				CD70D9C11D5B6104004FC682 /* PBXTargetDependency */,
			);
			name = "文本包含超链接或类按钮可点击跳转UITests";
			productName = "文本包含超链接或类按钮可点击跳转UITests";
			productReference = CD70D9BF1D5B6104004FC682 /* 文本包含超链接或类按钮可点击跳转UITests.xctest */;
			productType = "com.apple.product-type.bundle.ui-testing";
		};
/* End PBXNativeTarget section */

/* Begin PBXProject section */
		CD70D9931D5B6104004FC682 /* Project object */ = {
			isa = PBXProject;
			attributes = {
				LastUpgradeCheck = 0730;
				ORGANIZATIONNAME = LYG;
				TargetAttributes = {
					CD70D99A1D5B6104004FC682 = {
						CreatedOnToolsVersion = 7.3.1;
					};
					CD70D9B31D5B6104004FC682 = {
						CreatedOnToolsVersion = 7.3.1;
						TestTargetID = CD70D99A1D5B6104004FC682;
					};
					CD70D9BE1D5B6104004FC682 = {
						CreatedOnToolsVersion = 7.3.1;
						TestTargetID = CD70D99A1D5B6104004FC682;
					};
				};
			};
			buildConfigurationList = CD70D9961D5B6104004FC682 /* Build configuration list for PBXProject "文本包含超链接或类按钮可点击跳转" */;
			compatibilityVersion = "Xcode 3.2";
			developmentRegion = English;
			hasScannedForEncodings = 0;
			knownRegions = (
				en,
				Base,
			);
			mainGroup = CD70D9921D5B6104004FC682;
			productRefGroup = CD70D99C1D5B6104004FC682 /* Products */;
			projectDirPath = "";
			projectRoot = "";
			targets = (
				CD70D99A1D5B6104004FC682 /* 文本包含超链接或类按钮可点击跳转 */,
				CD70D9B31D5B6104004FC682 /* 文本包含超链接或类按钮可点击跳转Tests */,
				CD70D9BE1D5B6104004FC682 /* 文本包含超链接或类按钮可点击跳转UITests */,
			);
		};
/* End PBXProject section */

/* Begin PBXResourcesBuildPhase section */
		CD70D9991D5B6104004FC682 /* Resources */ = {
			isa = PBXResourcesBuildPhase;
			buildActionMask = 2147483647;
			files = (
				CD70D9AE1D5B6104004FC682 /* LaunchScreen.storyboard in Resources */,
				CD70D9AB1D5B6104004FC682 /* Assets.xcassets in Resources */,
				CD70D9DA1D5B723A004FC682 /* DetailsViewController.xib in Resources */,
				CD70D9A91D5B6104004FC682 /* Main.storyboard in Resources */,
			);
			runOnlyForDeploymentPostprocessing = 0;
		};
		CD70D9B21D5B6104004FC682 /* Resources */ = {
			isa = PBXResourcesBuildPhase;
			buildActionMask = 2147483647;
			files = (
			);
			runOnlyForDeploymentPostprocessing = 0;
		};
		CD70D9BD1D5B6104004FC682 /* Resources */ = {
			isa = PBXResourcesBuildPhase;
			buildActionMask = 2147483647;
			files = (
			);
			runOnlyForDeploymentPostprocessing = 0;
		};
/* End PBXResourcesBuildPhase section */

/* Begin PBXSourcesBuildPhase section */
		CD70D9971D5B6104004FC682 /* Sources */ = {
			isa = PBXSourcesBuildPhase;
			buildActionMask = 2147483647;
			files = (
				CD70D9A61D5B6104004FC682 /* ViewController.m in Sources */,
				CD70D9D91D5B723A004FC682 /* DetailsViewController.m in Sources */,
				CD70D9A31D5B6104004FC682 /* AppDelegate.m in Sources */,
				CD70D9A01D5B6104004FC682 /* main.m in Sources */,
			);
			runOnlyForDeploymentPostprocessing = 0;
		};
		CD70D9B01D5B6104004FC682 /* Sources */ = {
			isa = PBXSourcesBuildPhase;
			buildActionMask = 2147483647;
			files = (
				CD70D9B91D5B6104004FC682 /* ________________Tests.m in Sources */,
			);
			runOnlyForDeploymentPostprocessing = 0;
		};
		CD70D9BB1D5B6104004FC682 /* Sources */ = {
			isa = PBXSourcesBuildPhase;
			buildActionMask = 2147483647;
			files = (
				CD70D9C41D5B6104004FC682 /* ________________UITests.m in Sources */,
			);
			runOnlyForDeploymentPostprocessing = 0;
		};
/* End PBXSourcesBuildPhase section */

/* Begin PBXTargetDependency section */
		CD70D9B61D5B6104004FC682 /* PBXTargetDependency */ = {
			isa = PBXTargetDependency;
			target = CD70D99A1D5B6104004FC682 /* 文本包含超链接或类按钮可点击跳转 */;
			targetProxy = CD70D9B51D5B6104004FC682 /* PBXContainerItemProxy */;
		};
		CD70D9C11D5B6104004FC682 /* PBXTargetDependency */ = {
			isa = PBXTargetDependency;
			target = CD70D99A1D5B6104004FC682 /* 文本包含超链接或类按钮可点击跳转 */;
			targetProxy = CD70D9C01D5B6104004FC682 /* PBXContainerItemProxy */;
		};
/* End PBXTargetDependency section */

/* Begin PBXVariantGroup section */
		CD70D9A71D5B6104004FC682 /* Main.storyboard */ = {
			isa = PBXVariantGroup;
			children = (
				CD70D9A81D5B6104004FC682 /* Base */,
			);
			name = Main.storyboard;
			sourceTree = "<group>";
		};
		CD70D9AC1D5B6104004FC682 /* LaunchScreen.storyboard */ = {
			isa = PBXVariantGroup;
			children = (
				CD70D9AD1D5B6104004FC682 /* Base */,
			);
			name = LaunchScreen.storyboard;
			sourceTree = "<group>";
		};
/* End PBXVariantGroup section */

/* Begin XCBuildConfiguration section */
		CD70D9C61D5B6104004FC682 /* Debug */ = {
			isa = XCBuildConfiguration;
			buildSettings = {
				ALWAYS_SEARCH_USER_PATHS = NO;
				CLANG_ANALYZER_NONNULL = YES;
				CLANG_CXX_LANGUAGE_STANDARD = "gnu++0x";
				CLANG_CXX_LIBRARY = "libc++";
				CLANG_ENABLE_MODULES = YES;
				CLANG_ENABLE_OBJC_ARC = YES;
				CLANG_WARN_BOOL_CONVERSION = YES;
				CLANG_WARN_CONSTANT_CONVERSION = YES;
				CLANG_WARN_DIRECT_OBJC_ISA_USAGE = YES_ERROR;
				CLANG_WARN_EMPTY_BODY = YES;
				CLANG_WARN_ENUM_CONVERSION = YES;
				CLANG_WARN_INT_CONVERSION = YES;
				CLANG_WARN_OBJC_ROOT_CLASS = YES_ERROR;
				CLANG_WARN_UNREACHABLE_CODE = YES;
				CLANG_WARN__DUPLICATE_METHOD_MATCH = YES;
				"CODE_SIGN_IDENTITY[sdk=iphoneos*]" = "iPhone Developer";
				COPY_PHASE_STRIP = NO;
				DEBUG_INFORMATION_FORMAT = dwarf;
				ENABLE_STRICT_OBJC_MSGSEND = YES;
				ENABLE_TESTABILITY = YES;
				GCC_C_LANGUAGE_STANDARD = gnu99;
				GCC_DYNAMIC_NO_PIC = NO;
				GCC_NO_COMMON_BLOCKS = YES;
				GCC_OPTIMIZATION_LEVEL = 0;
				GCC_PREPROCESSOR_DEFINITIONS = (
					"DEBUG=1",
					"$(inherited)",
				);
				GCC_WARN_64_TO_32_BIT_CONVERSION = YES;
				GCC_WARN_ABOUT_RETURN_TYPE = YES_ERROR;
				GCC_WARN_UNDECLARED_SELECTOR = YES;
				GCC_WARN_UNINITIALIZED_AUTOS = YES_AGGRESSIVE;
				GCC_WARN_UNUSED_FUNCTION = YES;
				GCC_WARN_UNUSED_VARIABLE = YES;
				IPHONEOS_DEPLOYMENT_TARGET = 9.3;
				MTL_ENABLE_DEBUG_INFO = YES;
				ONLY_ACTIVE_ARCH = YES;
				SDKROOT = iphoneos;
			};
			name = Debug;
		};
		CD70D9C71D5B6104004FC682 /* Release */ = {
			isa = XCBuildConfiguration;
			buildSettings = {
				ALWAYS_SEARCH_USER_PATHS = NO;
				CLANG_ANALYZER_NONNULL = YES;
				CLANG_CXX_LANGUAGE_STANDARD = "gnu++0x";
				CLANG_CXX_LIBRARY = "libc++";
				CLANG_ENABLE_MODULES = YES;
				CLANG_ENABLE_OBJC_ARC = YES;
				CLANG_WARN_BOOL_CONVERSION = YES;
				CLANG_WARN_CONSTANT_CONVERSION = YES;
				CLANG_WARN_DIRECT_OBJC_ISA_USAGE = YES_ERROR;
				CLANG_WARN_EMPTY_BODY = YES;
				CLANG_WARN_ENUM_CONVERSION = YES;
				CLANG_WARN_INT_CONVERSION = YES;
				CLANG_WARN_OBJC_ROOT_CLASS = YES_ERROR;
				CLANG_WARN_UNREACHABLE_CODE = YES;
				CLANG_WARN__DUPLICATE_METHOD_MATCH = YES;
				"CODE_SIGN_IDENTITY[sdk=iphoneos*]" = "iPhone Developer";
				COPY_PHASE_STRIP = NO;
				DEBUG_INFORMATION_FORMAT = "dwarf-with-dsym";
				ENABLE_NS_ASSERTIONS = NO;
				ENABLE_STRICT_OBJC_MSGSEND = YES;
				GCC_C_LANGUAGE_STANDARD = gnu99;
				GCC_NO_COMMON_BLOCKS = YES;
				GCC_WARN_64_TO_32_BIT_CONVERSION = YES;
				GCC_WARN_ABOUT_RETURN_TYPE = YES_ERROR;
				GCC_WARN_UNDECLARED_SELECTOR = YES;
				GCC_WARN_UNINITIALIZED_AUTOS = YES_AGGRESSIVE;
				GCC_WARN_UNUSED_FUNCTION = YES;
				GCC_WARN_UNUSED_VARIABLE = YES;
				IPHONEOS_DEPLOYMENT_TARGET = 9.3;
				MTL_ENABLE_DEBUG_INFO = NO;
				SDKROOT = iphoneos;
				VALIDATE_PRODUCT = YES;
			};
			name = Release;
		};
		CD70D9C91D5B6104004FC682 /* Debug */ = {
			isa = XCBuildConfiguration;
			buildSettings = {
				ASSETCATALOG_COMPILER_APPICON_NAME = AppIcon;
				INFOPLIST_FILE = "文本包含超链接或类按钮可点击跳转/Info.plist";
				LD_RUNPATH_SEARCH_PATHS = "$(inherited) @executable_path/Frameworks";
				PRODUCT_BUNDLE_IDENTIFIER = "liuy.----------------";
				PRODUCT_NAME = "$(TARGET_NAME)";
			};
			name = Debug;
		};
		CD70D9CA1D5B6104004FC682 /* Release */ = {
			isa = XCBuildConfiguration;
			buildSettings = {
				ASSETCATALOG_COMPILER_APPICON_NAME = AppIcon;
				INFOPLIST_FILE = "文本包含超链接或类按钮可点击跳转/Info.plist";
				LD_RUNPATH_SEARCH_PATHS = "$(inherited) @executable_path/Frameworks";
				PRODUCT_BUNDLE_IDENTIFIER = "liuy.----------------";
				PRODUCT_NAME = "$(TARGET_NAME)";
			};
			name = Release;
		};
		CD70D9CC1D5B6104004FC682 /* Debug */ = {
			isa = XCBuildConfiguration;
			buildSettings = {
				BUNDLE_LOADER = "$(TEST_HOST)";
				INFOPLIST_FILE = "文本包含超链接或类按钮可点击跳转Tests/Info.plist";
				LD_RUNPATH_SEARCH_PATHS = "$(inherited) @executable_path/Frameworks @loader_path/Frameworks";
				PRODUCT_BUNDLE_IDENTIFIER = "liuy.----------------Tests";
				PRODUCT_NAME = "$(TARGET_NAME)";
				TEST_HOST = "$(BUILT_PRODUCTS_DIR)/文本包含超链接或类按钮可点击跳转.app/文本包含超链接或类按钮可点击跳转";
			};
			name = Debug;
		};
		CD70D9CD1D5B6104004FC682 /* Release */ = {
			isa = XCBuildConfiguration;
			buildSettings = {
				BUNDLE_LOADER = "$(TEST_HOST)";
				INFOPLIST_FILE = "文本包含超链接或类按钮可点击跳转Tests/Info.plist";
				LD_RUNPATH_SEARCH_PATHS = "$(inherited) @executable_path/Frameworks @loader_path/Frameworks";
				PRODUCT_BUNDLE_IDENTIFIER = "liuy.----------------Tests";
				PRODUCT_NAME = "$(TARGET_NAME)";
				TEST_HOST = "$(BUILT_PRODUCTS_DIR)/文本包含超链接或类按钮可点击跳转.app/文本包含超链接或类按钮可点击跳转";
			};
			name = Release;
		};
		CD70D9CF1D5B6104004FC682 /* Debug */ = {
			isa = XCBuildConfiguration;
			buildSettings = {
				INFOPLIST_FILE = "文本包含超链接或类按钮可点击跳转UITests/Info.plist";
				LD_RUNPATH_SEARCH_PATHS = "$(inherited) @executable_path/Frameworks @loader_path/Frameworks";
				PRODUCT_BUNDLE_IDENTIFIER = "liuy.----------------UITests";
				PRODUCT_NAME = "$(TARGET_NAME)";
				TEST_TARGET_NAME = "文本包含超链接或类按钮可点击跳转";
			};
			name = Debug;
		};
		CD70D9D01D5B6104004FC682 /* Release */ = {
			isa = XCBuildConfiguration;
			buildSettings = {
				INFOPLIST_FILE = "文本包含超链接或类按钮可点击跳转UITests/Info.plist";
				LD_RUNPATH_SEARCH_PATHS = "$(inherited) @executable_path/Frameworks @loader_path/Frameworks";
				PRODUCT_BUNDLE_IDENTIFIER = "liuy.----------------UITests";
				PRODUCT_NAME = "$(TARGET_NAME)";
				TEST_TARGET_NAME = "文本包含超链接或类按钮可点击跳转";
			};
			name = Release;
		};
/* End XCBuildConfiguration section */

/* Begin XCConfigurationList section */
		CD70D9961D5B6104004FC682 /* Build configuration list for PBXProject "文本包含超链接或类按钮可点击跳转" */ = {
			isa = XCConfigurationList;
			buildConfigurations = (
				CD70D9C61D5B6104004FC682 /* Debug */,
				CD70D9C71D5B6104004FC682 /* Release */,
			);
			defaultConfigurationIsVisible = 0;
			defaultConfigurationName = Release;
		};
		CD70D9C81D5B6104004FC682 /* Build configuration list for PBXNativeTarget "文本包含超链接或类按钮可点击跳转" */ = {
			isa = XCConfigurationList;
			buildConfigurations = (
				CD70D9C91D5B6104004FC682 /* Debug */,
				CD70D9CA1D5B6104004FC682 /* Release */,
			);
			defaultConfigurationIsVisible = 0;
		};
		CD70D9CB1D5B6104004FC682 /* Build configuration list for PBXNativeTarget "文本包含超链接或类按钮可点击跳转Tests" */ = {
			isa = XCConfigurationList;
			buildConfigurations = (
				CD70D9CC1D5B6104004FC682 /* Debug */,
				CD70D9CD1D5B6104004FC682 /* Release */,
			);
			defaultConfigurationIsVisible = 0;
		};
		CD70D9CE1D5B6104004FC682 /* Build configuration list for PBXNativeTarget "文本包含超链接或类按钮可点击跳转UITests" */ = {
			isa = XCConfigurationList;
			buildConfigurations = (
				CD70D9CF1D5B6104004FC682 /* Debug */,
				CD70D9D01D5B6104004FC682 /* Release */,
			);
			defaultConfigurationIsVisible = 0;
		};
/* End XCConfigurationList section */
	};
	rootObject = CD70D9931D5B6104004FC682 /* Project object */;
}
